
Microsoft Visual Studio Solution File, Format Version 12.00
Project("{FAE04EC0-301F-11D3-BF4B-00C04F79EFBC}") = "GetData.Api", "seeders\get-data-api\GetData.Api.csproj", "{802F573B-46CD-4EF2-A54C-2E5669286BB7}"
EndProject
Project("{FAE04EC0-301F-11D3-BF4B-00C04F79EFBC}") = "TransactionSeeder", "seeders\transaction-seeder\TransactionSeeder.csproj", "{B4FEE9A1-00F7-4575-B16D-55458B9AF1B0}"
EndProject
Project("{E53339B2-1760-4266-BCC7-CA923CBCF16C}") = "docker-compose", "docker-compose.dcproj", "{34BB3069-D5D0-4046-ACAD-A2025ED7678F}"
EndProject
Project("{2150E333-8FDC-42A3-9474-1A3956D46DE8}") = "seeders", "seeders", "{6491C41F-9225-4D03-8278-2775D2A312F5}"
EndProject
Project("{FAE04EC0-301F-11D3-BF4B-00C04F79EFBC}") = "Api", "balance-api\src\Api\Api.csproj", "{01EEE93B-482D-40F1-90C1-11C49AFA4450}"
EndProject
Project("{2150E333-8FDC-42A3-9474-1A3956D46DE8}") = "balance-api", "balance-api", "{BFEB3332-F53F-439C-9AA3-412531F2754E}"
EndProject
Project("{2150E333-8FDC-42A3-9474-1A3956D46DE8}") = "statement-api", "statement-api", "{8F1FC723-98B1-42A5-94FF-3CBBCBA40A84}"
EndProject
Project("{FAE04EC0-301F-11D3-BF4B-00C04F79EFBC}") = "Api", "statement-api\src\Api\Api.csproj", "{51C90B79-E3A7-46BE-96DD-73FCC3499517}"
EndProject
Project("{FAE04EC0-301F-11D3-BF4B-00C04F79EFBC}") = "Application", "statement-api\src\Application\Application.csproj", "{530469ED-4392-4AA5-AF02-F41E1E6D2F2C}"
EndProject
Project("{FAE04EC0-301F-11D3-BF4B-00C04F79EFBC}") = "Domain", "statement-api\src\Domain\Domain.csproj", "{C06F44AC-DA3A-4332-8885-986748B04CCA}"
EndProject
Project("{FAE04EC0-301F-11D3-BF4B-00C04F79EFBC}") = "Infrastructure", "statement-api\src\Infrastructure\Infrastructure.csproj", "{31D4B069-B576-48D5-A51A-DD8F288E1F9C}"
EndProject
Project("{FAE04EC0-301F-11D3-BF4B-00C04F79EFBC}") = "Application", "balance-api\src\Application\Application.csproj", "{E2DF9372-EB83-4B7F-B23C-C7AEF9AF398F}"
EndProject
Project("{FAE04EC0-301F-11D3-BF4B-00C04F79EFBC}") = "Domain", "balance-api\src\Domain\Domain.csproj", "{606E3A4A-6AF9-4F64-982A-1A13BCA9CA78}"
EndProject
Project("{FAE04EC0-301F-11D3-BF4B-00C04F79EFBC}") = "Infrastructure", "balance-api\src\Infrastructure\Infrastructure.csproj", "{6B6D7984-F49B-4B19-9864-AD612CD4ACBB}"
EndProject
Global
	GlobalSection(SolutionConfigurationPlatforms) = preSolution
		Debug|Any CPU = Debug|Any CPU
		Release|Any CPU = Release|Any CPU
	EndGlobalSection
	GlobalSection(ProjectConfigurationPlatforms) = postSolution
		{2739D5D7-7A23-407D-B5D3-3DB52FB80267}.Debug|Any CPU.ActiveCfg = Debug|Any CPU
		{2739D5D7-7A23-407D-B5D3-3DB52FB80267}.Debug|Any CPU.Build.0 = Debug|Any CPU
		{2739D5D7-7A23-407D-B5D3-3DB52FB80267}.Release|Any CPU.ActiveCfg = Release|Any CPU
		{2739D5D7-7A23-407D-B5D3-3DB52FB80267}.Release|Any CPU.Build.0 = Release|Any CPU
		{802F573B-46CD-4EF2-A54C-2E5669286BB7}.Debug|Any CPU.ActiveCfg = Debug|Any CPU
		{802F573B-46CD-4EF2-A54C-2E5669286BB7}.Debug|Any CPU.Build.0 = Debug|Any CPU
		{802F573B-46CD-4EF2-A54C-2E5669286BB7}.Release|Any CPU.ActiveCfg = Release|Any CPU
		{802F573B-46CD-4EF2-A54C-2E5669286BB7}.Release|Any CPU.Build.0 = Release|Any CPU
		{B4FEE9A1-00F7-4575-B16D-55458B9AF1B0}.Debug|Any CPU.ActiveCfg = Debug|Any CPU
		{B4FEE9A1-00F7-4575-B16D-55458B9AF1B0}.Debug|Any CPU.Build.0 = Debug|Any CPU
		{B4FEE9A1-00F7-4575-B16D-55458B9AF1B0}.Release|Any CPU.ActiveCfg = Release|Any CPU
		{B4FEE9A1-00F7-4575-B16D-55458B9AF1B0}.Release|Any CPU.Build.0 = Release|Any CPU
		{01EEE93B-482D-40F1-90C1-11C49AFA4450}.Debug|Any CPU.ActiveCfg = Debug|Any CPU
		{01EEE93B-482D-40F1-90C1-11C49AFA4450}.Debug|Any CPU.Build.0 = Debug|Any CPU
		{01EEE93B-482D-40F1-90C1-11C49AFA4450}.Release|Any CPU.ActiveCfg = Release|Any CPU
		{01EEE93B-482D-40F1-90C1-11C49AFA4450}.Release|Any CPU.Build.0 = Release|Any CPU
		{51C90B79-E3A7-46BE-96DD-73FCC3499517}.Debug|Any CPU.ActiveCfg = Debug|Any CPU
		{51C90B79-E3A7-46BE-96DD-73FCC3499517}.Debug|Any CPU.Build.0 = Debug|Any CPU
		{51C90B79-E3A7-46BE-96DD-73FCC3499517}.Release|Any CPU.ActiveCfg = Release|Any CPU
		{51C90B79-E3A7-46BE-96DD-73FCC3499517}.Release|Any CPU.Build.0 = Release|Any CPU
		{530469ED-4392-4AA5-AF02-F41E1E6D2F2C}.Debug|Any CPU.ActiveCfg = Debug|Any CPU
		{530469ED-4392-4AA5-AF02-F41E1E6D2F2C}.Debug|Any CPU.Build.0 = Debug|Any CPU
		{530469ED-4392-4AA5-AF02-F41E1E6D2F2C}.Release|Any CPU.ActiveCfg = Release|Any CPU
		{530469ED-4392-4AA5-AF02-F41E1E6D2F2C}.Release|Any CPU.Build.0 = Release|Any CPU
		{C06F44AC-DA3A-4332-8885-986748B04CCA}.Debug|Any CPU.ActiveCfg = Debug|Any CPU
		{C06F44AC-DA3A-4332-8885-986748B04CCA}.Debug|Any CPU.Build.0 = Debug|Any CPU
		{C06F44AC-DA3A-4332-8885-986748B04CCA}.Release|Any CPU.ActiveCfg = Release|Any CPU
		{C06F44AC-DA3A-4332-8885-986748B04CCA}.Release|Any CPU.Build.0 = Release|Any CPU
		{31D4B069-B576-48D5-A51A-DD8F288E1F9C}.Debug|Any CPU.ActiveCfg = Debug|Any CPU
		{31D4B069-B576-48D5-A51A-DD8F288E1F9C}.Debug|Any CPU.Build.0 = Debug|Any CPU
		{31D4B069-B576-48D5-A51A-DD8F288E1F9C}.Release|Any CPU.ActiveCfg = Release|Any CPU
		{31D4B069-B576-48D5-A51A-DD8F288E1F9C}.Release|Any CPU.Build.0 = Release|Any CPU
		{E2DF9372-EB83-4B7F-B23C-C7AEF9AF398F}.Debug|Any CPU.ActiveCfg = Debug|Any CPU
		{E2DF9372-EB83-4B7F-B23C-C7AEF9AF398F}.Debug|Any CPU.Build.0 = Debug|Any CPU
		{E2DF9372-EB83-4B7F-B23C-C7AEF9AF398F}.Release|Any CPU.ActiveCfg = Release|Any CPU
		{E2DF9372-EB83-4B7F-B23C-C7AEF9AF398F}.Release|Any CPU.Build.0 = Release|Any CPU
		{606E3A4A-6AF9-4F64-982A-1A13BCA9CA78}.Debug|Any CPU.ActiveCfg = Debug|Any CPU
		{606E3A4A-6AF9-4F64-982A-1A13BCA9CA78}.Debug|Any CPU.Build.0 = Debug|Any CPU
		{606E3A4A-6AF9-4F64-982A-1A13BCA9CA78}.Release|Any CPU.ActiveCfg = Release|Any CPU
		{606E3A4A-6AF9-4F64-982A-1A13BCA9CA78}.Release|Any CPU.Build.0 = Release|Any CPU
		{6B6D7984-F49B-4B19-9864-AD612CD4ACBB}.Debug|Any CPU.ActiveCfg = Debug|Any CPU
		{6B6D7984-F49B-4B19-9864-AD612CD4ACBB}.Debug|Any CPU.Build.0 = Debug|Any CPU
		{6B6D7984-F49B-4B19-9864-AD612CD4ACBB}.Release|Any CPU.ActiveCfg = Release|Any CPU
		{6B6D7984-F49B-4B19-9864-AD612CD4ACBB}.Release|Any CPU.Build.0 = Release|Any CPU
	EndGlobalSection
	GlobalSection(NestedProjects) = preSolution
		{802F573B-46CD-4EF2-A54C-2E5669286BB7} = {6491C41F-9225-4D03-8278-2775D2A312F5}
		{B4FEE9A1-00F7-4575-B16D-55458B9AF1B0} = {6491C41F-9225-4D03-8278-2775D2A312F5}
		{01EEE93B-482D-40F1-90C1-11C49AFA4450} = {BFEB3332-F53F-439C-9AA3-412531F2754E}
		{51C90B79-E3A7-46BE-96DD-73FCC3499517} = {8F1FC723-98B1-42A5-94FF-3CBBCBA40A84}
		{530469ED-4392-4AA5-AF02-F41E1E6D2F2C} = {8F1FC723-98B1-42A5-94FF-3CBBCBA40A84}
		{C06F44AC-DA3A-4332-8885-986748B04CCA} = {8F1FC723-98B1-42A5-94FF-3CBBCBA40A84}
		{31D4B069-B576-48D5-A51A-DD8F288E1F9C} = {8F1FC723-98B1-42A5-94FF-3CBBCBA40A84}
		{E2DF9372-EB83-4B7F-B23C-C7AEF9AF398F} = {BFEB3332-F53F-439C-9AA3-412531F2754E}
		{606E3A4A-6AF9-4F64-982A-1A13BCA9CA78} = {BFEB3332-F53F-439C-9AA3-412531F2754E}
		{6B6D7984-F49B-4B19-9864-AD612CD4ACBB} = {BFEB3332-F53F-439C-9AA3-412531F2754E}
	EndGlobalSection
EndGlobal
